
Microsoft Visual Studio Solution File, Format Version 12.00
# Visual Studio Version 17
VisualStudioVersion = 17.0.31903.59
MinimumVisualStudioVersion = 10.0.40219.1
Project("{FAE04EC0-301F-11D3-BF4B-00C04F79EFBC}") = "Confab.Bootstrapper", "src\Bootstrapper\Confab.Bootstrapper\Confab.Bootstrapper.csproj", "{74C1FFFF-E8C7-4272-8F25-6A858F73CC6D}"
EndProject
Project("{2150E333-8FDC-42A3-9474-1A3956D46DE8}") = "src", "src", "{0E58E5F7-B3C7-4F62-921E-7EC8C2F37FA0}"
EndProject
Project("{2150E333-8FDC-42A3-9474-1A3956D46DE8}") = "tests", "tests", "{96D88C8F-5F02-45D2-A22A-95510E0DE467}"
EndProject
Project("{2150E333-8FDC-42A3-9474-1A3956D46DE8}") = "Bootstrapper", "Bootstrapper", "{0887BC30-5C94-4A80-8E97-99C57580EF2D}"
EndProject
Project("{2150E333-8FDC-42A3-9474-1A3956D46DE8}") = "Shared", "Shared", "{8CED5DC0-112E-4E0E-BBF8-BD403D6F1AE8}"
EndProject
Project("{2150E333-8FDC-42A3-9474-1A3956D46DE8}") = "Modules", "Modules", "{AEB7717D-BCD1-4374-A2AB-0EDBBE8503E7}"
EndProject
Project("{FAE04EC0-301F-11D3-BF4B-00C04F79EFBC}") = "Confab.Shared.Abstractions", "src\Shared\Confab.Shared.Abstractions\Confab.Shared.Abstractions.csproj", "{6F4E71EB-8B33-4F2D-8930-9BB2CB22131C}"
EndProject
Project("{FAE04EC0-301F-11D3-BF4B-00C04F79EFBC}") = "Confab.Shared.Infrastructure", "src\Shared\Confab.Shared.Infrastructure\Confab.Shared.Infrastructure.csproj", "{54E28C54-1368-402C-AA62-0979851B0D69}"
EndProject
Project("{2150E333-8FDC-42A3-9474-1A3956D46DE8}") = "Conferences", "Conferences", "{8C2430E7-1FAA-4D08-9EBB-F3FC44E44350}"
EndProject
Project("{2150E333-8FDC-42A3-9474-1A3956D46DE8}") = "Speakers", "Speakers", "{E9D7C911-0A53-40F3-BCCB-89A80583B3C2}"
EndProject
Project("{2150E333-8FDC-42A3-9474-1A3956D46DE8}") = "Users", "Users", "{1E949481-E981-4B3C-A4DD-D1792E9291E7}"
EndProject
Project("{2150E333-8FDC-42A3-9474-1A3956D46DE8}") = "Tickets", "Tickets", "{CAEF5EBB-FE83-488F-AFEA-3C8F67BEC603}"
EndProject
Project("{2150E333-8FDC-42A3-9474-1A3956D46DE8}") = "Agendas", "Agendas", "{B199ACD8-59B0-4EE0-8490-0CBDB37BD6A9}"
EndProject
Project("{FAE04EC0-301F-11D3-BF4B-00C04F79EFBC}") = "Confab.Modules.Agendas.Application", "src\Modules\Agendas\Confab.Modules.Agendas.Application\Confab.Modules.Agendas.Application.csproj", "{C53FFEB1-E941-4118-8963-C6BBF4CDA922}"
EndProject
Project("{FAE04EC0-301F-11D3-BF4B-00C04F79EFBC}") = "Confab.Modules.Agendas.Infrastructure", "src\Modules\Agendas\Confab.Modules.Agendas.Infrastructure\Confab.Modules.Agendas.Infrastructure.csproj", "{B875A3AC-B965-4690-B178-4D01C4A8F5DB}"
EndProject
Project("{FAE04EC0-301F-11D3-BF4B-00C04F79EFBC}") = "Confab.Modules.Agendas.Api", "src\Modules\Agendas\Confab.Modules.Agendas.Api\Confab.Modules.Agendas.Api.csproj", "{5B9A011A-6DC6-412D-A1D0-158467FAA1CD}"
EndProject
Project("{FAE04EC0-301F-11D3-BF4B-00C04F79EFBC}") = "Confab.Modules.Agendas.Domain", "src\Modules\Agendas\Confab.Modules.Agendas.Domain\Confab.Modules.Agendas.Domain.csproj", "{33EE94D0-D71C-407F-9217-C1784D9375A9}"
EndProject
Project("{FAE04EC0-301F-11D3-BF4B-00C04F79EFBC}") = "Confab.Modules.Conferences.Core", "src\Modules\Conferences\Confab.Modules.Conferences.Core\Confab.Modules.Conferences.Core.csproj", "{08BEAD7A-B3A1-4FA5-B024-630ABCCC0CA4}"
EndProject
Project("{FAE04EC0-301F-11D3-BF4B-00C04F79EFBC}") = "Confab.Modules.Conferences.Api", "src\Modules\Conferences\Confab.Modules.Conferences.Api\Confab.Modules.Conferences.Api.csproj", "{EE3905C8-2147-4EEC-AAAC-3C3C43370EA7}"
EndProject
Project("{FAE04EC0-301F-11D3-BF4B-00C04F79EFBC}") = "Confab.Modules.Speakers.Core", "src\Modules\Speakers\Confab.Modules.Speakers.Core\Confab.Modules.Speakers.Core.csproj", "{B9891611-CCC3-460C-A5EF-35595EB845C7}"
EndProject
Project("{FAE04EC0-301F-11D3-BF4B-00C04F79EFBC}") = "Confab.Modules.Speakers.Api", "src\Modules\Speakers\Confab.Modules.Speakers.Api\Confab.Modules.Speakers.Api.csproj", "{FE049288-3782-4C1E-8743-27FE5FE21227}"
EndProject
Project("{FAE04EC0-301F-11D3-BF4B-00C04F79EFBC}") = "Confab.Modules.Tickets.Core", "src\Modules\Tcikets\Confab.Modules.Tickets.Core\Confab.Modules.Tickets.Core.csproj", "{36942E12-E598-4680-924B-186269220D9E}"
EndProject
Project("{FAE04EC0-301F-11D3-BF4B-00C04F79EFBC}") = "Confab.Modules.Tickets.Api", "src\Modules\Tcikets\Confab.Modules.Tickets.Api\Confab.Modules.Tickets.Api.csproj", "{6E5F5BEC-F6E0-447C-94BE-4573CF80866B}"
EndProject
Project("{FAE04EC0-301F-11D3-BF4B-00C04F79EFBC}") = "Confab.Modules.Users.Core", "src\Modules\Users\Confab.Modules.Users.Core\Confab.Modules.Users.Core.csproj", "{AAC92DEC-45BE-4C64-94D3-ACB52089228D}"
EndProject
Project("{FAE04EC0-301F-11D3-BF4B-00C04F79EFBC}") = "Confab.Modules.Users.Api", "src\Modules\Users\Confab.Modules.Users.Api\Confab.Modules.Users.Api.csproj", "{B3FC3564-C8A9-4F45-ABF3-C61FDBBB5DEF}"
EndProject
Project("{2150E333-8FDC-42A3-9474-1A3956D46DE8}") = "Attendances", "Attendances", "{DC367F48-20B0-45F7-A2BA-216E5BB18E1E}"
EndProject
Project("{FAE04EC0-301F-11D3-BF4B-00C04F79EFBC}") = "Confab.Modules.Attendances.Api", "src\Modules\Attendances\Confab.Modules.Attendances.Api\Confab.Modules.Attendances.Api.csproj", "{F55EE456-A1EE-4B47-A522-DDC21F8A0BBF}"
EndProject
Project("{FAE04EC0-301F-11D3-BF4B-00C04F79EFBC}") = "Confab.Modules.Attendances.Application", "src\Modules\Attendances\Confab.Modules.Attendances.Application\Confab.Modules.Attendances.Application.csproj", "{FCA59673-D623-4595-AF23-D41EBA1086CE}"
EndProject
Project("{FAE04EC0-301F-11D3-BF4B-00C04F79EFBC}") = "Confab.Modules.Attendances.Domain", "src\Modules\Attendances\Confab.Modules.Attendances.Domain\Confab.Modules.Attendances.Domain.csproj", "{26260CFD-6675-4471-AFFE-386EE489A625}"
EndProject
Project("{FAE04EC0-301F-11D3-BF4B-00C04F79EFBC}") = "Confab.Modules.Attendances.Infrastructure", "src\Modules\Attendances\Confab.Modules.Attendances.Infrastructure\Confab.Modules.Attendances.Infrastructure.csproj", "{AB9DE021-1D97-419C-B122-A7EB0B72C107}"
EndProject
Project("{FAE04EC0-301F-11D3-BF4B-00C04F79EFBC}") = "Confab.Modules.Attendances.Tests.Unit", "src\Modules\Attendances\Confab.Modules.Attendances.Tests.Unit\Confab.Modules.Attendances.Tests.Unit.csproj", "{56E5AB87-BCF0-4FA3-A88D-FFCDC9F5658E}"
EndProject
Project("{FAE04EC0-301F-11D3-BF4B-00C04F79EFBC}") = "Confab.Modules.Attendances.Tests.Integration", "src\Modules\Attendances\Confab.Modules.Attendances.Tests.Integration\Confab.Modules.Attendances.Tests.Integration.csproj", "{44B57951-1301-4AF6-B327-F129DF5AA1A9}"
EndProject
Project("{FAE04EC0-301F-11D3-BF4B-00C04F79EFBC}") = "Confab.Shared.Tests", "src\Shared\Confab.Shared.Tests\Confab.Shared.Tests.csproj", "{09B9759A-7EA1-4B60-8BB2-1D220C0CC4A4}"
EndProject
Project("{2150E333-8FDC-42A3-9474-1A3956D46DE8}") = "Saga", "Saga", "{E42ACBF1-E2C3-41E9-8474-893B7EA26CDE}"
EndProject
Project("{FAE04EC0-301F-11D3-BF4B-00C04F79EFBC}") = "Confab.Modules.Saga", "src\Modules\Saga\Confab.Modules.Saga\Confab.Modules.Saga.csproj", "{E7BD5BE8-1973-44BA-8DA6-09D2F7453C4E}"
EndProject
Project("{2150E333-8FDC-42A3-9474-1A3956D46DE8}") = "Services", "Services", "{40BC24BB-E91B-4D7F-823C-4105CC3051C3}"
EndProject
Project("{FAE04EC0-301F-11D3-BF4B-00C04F79EFBC}") = "Confab.Services.Tickets.Core", "src\Services\Confab.Services.Tickets.Core\Confab.Services.Tickets.Core.csproj", "{C700104B-0FF6-4450-9C55-360FFEFCD946}"
EndProject
Project("{FAE04EC0-301F-11D3-BF4B-00C04F79EFBC}") = "Confab.Services.Tickets.Api", "src\Services\Confab.Services.Tickets.Api\Confab.Services.Tickets.Api.csproj", "{0CE980B0-B49A-4486-8611-8A049A924E1E}"
EndProject
Project("{2150E333-8FDC-42A3-9474-1A3956D46DE8}") = "APIGateway", "APIGateway", "{01712C85-0AA4-4A39-B593-7A718C185107}"
EndProject
Project("{FAE04EC0-301F-11D3-BF4B-00C04F79EFBC}") = "Confab.APIGateway", "src\APIGateway\Confab.APIGateway\Confab.APIGateway.csproj", "{7AC461D5-EAFF-41F3-8118-6D4E43F41332}"
EndProject
Global
	GlobalSection(SolutionConfigurationPlatforms) = preSolution
		Debug|Any CPU = Debug|Any CPU
		Release|Any CPU = Release|Any CPU
	EndGlobalSection
	GlobalSection(SolutionProperties) = preSolution
		HideSolutionNode = FALSE
	EndGlobalSection
	GlobalSection(ProjectConfigurationPlatforms) = postSolution
		{74C1FFFF-E8C7-4272-8F25-6A858F73CC6D}.Debug|Any CPU.ActiveCfg = Debug|Any CPU
		{74C1FFFF-E8C7-4272-8F25-6A858F73CC6D}.Debug|Any CPU.Build.0 = Debug|Any CPU
		{74C1FFFF-E8C7-4272-8F25-6A858F73CC6D}.Release|Any CPU.ActiveCfg = Release|Any CPU
		{74C1FFFF-E8C7-4272-8F25-6A858F73CC6D}.Release|Any CPU.Build.0 = Release|Any CPU
		{6F4E71EB-8B33-4F2D-8930-9BB2CB22131C}.Debug|Any CPU.ActiveCfg = Debug|Any CPU
		{6F4E71EB-8B33-4F2D-8930-9BB2CB22131C}.Debug|Any CPU.Build.0 = Debug|Any CPU
		{6F4E71EB-8B33-4F2D-8930-9BB2CB22131C}.Release|Any CPU.ActiveCfg = Release|Any CPU
		{6F4E71EB-8B33-4F2D-8930-9BB2CB22131C}.Release|Any CPU.Build.0 = Release|Any CPU
		{54E28C54-1368-402C-AA62-0979851B0D69}.Debug|Any CPU.ActiveCfg = Debug|Any CPU
		{54E28C54-1368-402C-AA62-0979851B0D69}.Debug|Any CPU.Build.0 = Debug|Any CPU
		{54E28C54-1368-402C-AA62-0979851B0D69}.Release|Any CPU.ActiveCfg = Release|Any CPU
		{54E28C54-1368-402C-AA62-0979851B0D69}.Release|Any CPU.Build.0 = Release|Any CPU
		{C53FFEB1-E941-4118-8963-C6BBF4CDA922}.Debug|Any CPU.ActiveCfg = Debug|Any CPU
		{C53FFEB1-E941-4118-8963-C6BBF4CDA922}.Debug|Any CPU.Build.0 = Debug|Any CPU
		{C53FFEB1-E941-4118-8963-C6BBF4CDA922}.Release|Any CPU.ActiveCfg = Release|Any CPU
		{C53FFEB1-E941-4118-8963-C6BBF4CDA922}.Release|Any CPU.Build.0 = Release|Any CPU
		{B875A3AC-B965-4690-B178-4D01C4A8F5DB}.Debug|Any CPU.ActiveCfg = Debug|Any CPU
		{B875A3AC-B965-4690-B178-4D01C4A8F5DB}.Debug|Any CPU.Build.0 = Debug|Any CPU
		{B875A3AC-B965-4690-B178-4D01C4A8F5DB}.Release|Any CPU.ActiveCfg = Release|Any CPU
		{B875A3AC-B965-4690-B178-4D01C4A8F5DB}.Release|Any CPU.Build.0 = Release|Any CPU
		{5B9A011A-6DC6-412D-A1D0-158467FAA1CD}.Debug|Any CPU.ActiveCfg = Debug|Any CPU
		{5B9A011A-6DC6-412D-A1D0-158467FAA1CD}.Debug|Any CPU.Build.0 = Debug|Any CPU
		{5B9A011A-6DC6-412D-A1D0-158467FAA1CD}.Release|Any CPU.ActiveCfg = Release|Any CPU
		{5B9A011A-6DC6-412D-A1D0-158467FAA1CD}.Release|Any CPU.Build.0 = Release|Any CPU
		{33EE94D0-D71C-407F-9217-C1784D9375A9}.Debug|Any CPU.ActiveCfg = Debug|Any CPU
		{33EE94D0-D71C-407F-9217-C1784D9375A9}.Debug|Any CPU.Build.0 = Debug|Any CPU
		{33EE94D0-D71C-407F-9217-C1784D9375A9}.Release|Any CPU.ActiveCfg = Release|Any CPU
		{33EE94D0-D71C-407F-9217-C1784D9375A9}.Release|Any CPU.Build.0 = Release|Any CPU
		{08BEAD7A-B3A1-4FA5-B024-630ABCCC0CA4}.Debug|Any CPU.ActiveCfg = Debug|Any CPU
		{08BEAD7A-B3A1-4FA5-B024-630ABCCC0CA4}.Debug|Any CPU.Build.0 = Debug|Any CPU
		{08BEAD7A-B3A1-4FA5-B024-630ABCCC0CA4}.Release|Any CPU.ActiveCfg = Release|Any CPU
		{08BEAD7A-B3A1-4FA5-B024-630ABCCC0CA4}.Release|Any CPU.Build.0 = Release|Any CPU
		{EE3905C8-2147-4EEC-AAAC-3C3C43370EA7}.Debug|Any CPU.ActiveCfg = Debug|Any CPU
		{EE3905C8-2147-4EEC-AAAC-3C3C43370EA7}.Debug|Any CPU.Build.0 = Debug|Any CPU
		{EE3905C8-2147-4EEC-AAAC-3C3C43370EA7}.Release|Any CPU.ActiveCfg = Release|Any CPU
		{EE3905C8-2147-4EEC-AAAC-3C3C43370EA7}.Release|Any CPU.Build.0 = Release|Any CPU
		{B9891611-CCC3-460C-A5EF-35595EB845C7}.Debug|Any CPU.ActiveCfg = Debug|Any CPU
		{B9891611-CCC3-460C-A5EF-35595EB845C7}.Debug|Any CPU.Build.0 = Debug|Any CPU
		{B9891611-CCC3-460C-A5EF-35595EB845C7}.Release|Any CPU.ActiveCfg = Release|Any CPU
		{B9891611-CCC3-460C-A5EF-35595EB845C7}.Release|Any CPU.Build.0 = Release|Any CPU
		{FE049288-3782-4C1E-8743-27FE5FE21227}.Debug|Any CPU.ActiveCfg = Debug|Any CPU
		{FE049288-3782-4C1E-8743-27FE5FE21227}.Debug|Any CPU.Build.0 = Debug|Any CPU
		{FE049288-3782-4C1E-8743-27FE5FE21227}.Release|Any CPU.ActiveCfg = Release|Any CPU
		{FE049288-3782-4C1E-8743-27FE5FE21227}.Release|Any CPU.Build.0 = Release|Any CPU
		{36942E12-E598-4680-924B-186269220D9E}.Debug|Any CPU.ActiveCfg = Debug|Any CPU
		{36942E12-E598-4680-924B-186269220D9E}.Debug|Any CPU.Build.0 = Debug|Any CPU
		{36942E12-E598-4680-924B-186269220D9E}.Release|Any CPU.ActiveCfg = Release|Any CPU
		{36942E12-E598-4680-924B-186269220D9E}.Release|Any CPU.Build.0 = Release|Any CPU
		{6E5F5BEC-F6E0-447C-94BE-4573CF80866B}.Debug|Any CPU.ActiveCfg = Debug|Any CPU
		{6E5F5BEC-F6E0-447C-94BE-4573CF80866B}.Debug|Any CPU.Build.0 = Debug|Any CPU
		{6E5F5BEC-F6E0-447C-94BE-4573CF80866B}.Release|Any CPU.ActiveCfg = Release|Any CPU
		{6E5F5BEC-F6E0-447C-94BE-4573CF80866B}.Release|Any CPU.Build.0 = Release|Any CPU
		{AAC92DEC-45BE-4C64-94D3-ACB52089228D}.Debug|Any CPU.ActiveCfg = Debug|Any CPU
		{AAC92DEC-45BE-4C64-94D3-ACB52089228D}.Debug|Any CPU.Build.0 = Debug|Any CPU
		{AAC92DEC-45BE-4C64-94D3-ACB52089228D}.Release|Any CPU.ActiveCfg = Release|Any CPU
		{AAC92DEC-45BE-4C64-94D3-ACB52089228D}.Release|Any CPU.Build.0 = Release|Any CPU
		{B3FC3564-C8A9-4F45-ABF3-C61FDBBB5DEF}.Debug|Any CPU.ActiveCfg = Debug|Any CPU
		{B3FC3564-C8A9-4F45-ABF3-C61FDBBB5DEF}.Debug|Any CPU.Build.0 = Debug|Any CPU
		{B3FC3564-C8A9-4F45-ABF3-C61FDBBB5DEF}.Release|Any CPU.ActiveCfg = Release|Any CPU
		{B3FC3564-C8A9-4F45-ABF3-C61FDBBB5DEF}.Release|Any CPU.Build.0 = Release|Any CPU
		{F55EE456-A1EE-4B47-A522-DDC21F8A0BBF}.Debug|Any CPU.ActiveCfg = Debug|Any CPU
		{F55EE456-A1EE-4B47-A522-DDC21F8A0BBF}.Debug|Any CPU.Build.0 = Debug|Any CPU
		{F55EE456-A1EE-4B47-A522-DDC21F8A0BBF}.Release|Any CPU.ActiveCfg = Release|Any CPU
		{F55EE456-A1EE-4B47-A522-DDC21F8A0BBF}.Release|Any CPU.Build.0 = Release|Any CPU
		{FCA59673-D623-4595-AF23-D41EBA1086CE}.Debug|Any CPU.ActiveCfg = Debug|Any CPU
		{FCA59673-D623-4595-AF23-D41EBA1086CE}.Debug|Any CPU.Build.0 = Debug|Any CPU
		{FCA59673-D623-4595-AF23-D41EBA1086CE}.Release|Any CPU.ActiveCfg = Release|Any CPU
		{FCA59673-D623-4595-AF23-D41EBA1086CE}.Release|Any CPU.Build.0 = Release|Any CPU
		{26260CFD-6675-4471-AFFE-386EE489A625}.Debug|Any CPU.ActiveCfg = Debug|Any CPU
		{26260CFD-6675-4471-AFFE-386EE489A625}.Debug|Any CPU.Build.0 = Debug|Any CPU
		{26260CFD-6675-4471-AFFE-386EE489A625}.Release|Any CPU.ActiveCfg = Release|Any CPU
		{26260CFD-6675-4471-AFFE-386EE489A625}.Release|Any CPU.Build.0 = Release|Any CPU
		{AB9DE021-1D97-419C-B122-A7EB0B72C107}.Debug|Any CPU.ActiveCfg = Debug|Any CPU
		{AB9DE021-1D97-419C-B122-A7EB0B72C107}.Debug|Any CPU.Build.0 = Debug|Any CPU
		{AB9DE021-1D97-419C-B122-A7EB0B72C107}.Release|Any CPU.ActiveCfg = Release|Any CPU
		{AB9DE021-1D97-419C-B122-A7EB0B72C107}.Release|Any CPU.Build.0 = Release|Any CPU
		{56E5AB87-BCF0-4FA3-A88D-FFCDC9F5658E}.Debug|Any CPU.ActiveCfg = Debug|Any CPU
		{56E5AB87-BCF0-4FA3-A88D-FFCDC9F5658E}.Debug|Any CPU.Build.0 = Debug|Any CPU
		{56E5AB87-BCF0-4FA3-A88D-FFCDC9F5658E}.Release|Any CPU.ActiveCfg = Release|Any CPU
		{56E5AB87-BCF0-4FA3-A88D-FFCDC9F5658E}.Release|Any CPU.Build.0 = Release|Any CPU
		{44B57951-1301-4AF6-B327-F129DF5AA1A9}.Debug|Any CPU.ActiveCfg = Debug|Any CPU
		{44B57951-1301-4AF6-B327-F129DF5AA1A9}.Debug|Any CPU.Build.0 = Debug|Any CPU
		{44B57951-1301-4AF6-B327-F129DF5AA1A9}.Release|Any CPU.ActiveCfg = Release|Any CPU
		{44B57951-1301-4AF6-B327-F129DF5AA1A9}.Release|Any CPU.Build.0 = Release|Any CPU
		{09B9759A-7EA1-4B60-8BB2-1D220C0CC4A4}.Debug|Any CPU.ActiveCfg = Debug|Any CPU
		{09B9759A-7EA1-4B60-8BB2-1D220C0CC4A4}.Debug|Any CPU.Build.0 = Debug|Any CPU
		{09B9759A-7EA1-4B60-8BB2-1D220C0CC4A4}.Release|Any CPU.ActiveCfg = Release|Any CPU
		{09B9759A-7EA1-4B60-8BB2-1D220C0CC4A4}.Release|Any CPU.Build.0 = Release|Any CPU
		{E7BD5BE8-1973-44BA-8DA6-09D2F7453C4E}.Debug|Any CPU.ActiveCfg = Debug|Any CPU
		{E7BD5BE8-1973-44BA-8DA6-09D2F7453C4E}.Debug|Any CPU.Build.0 = Debug|Any CPU
		{E7BD5BE8-1973-44BA-8DA6-09D2F7453C4E}.Release|Any CPU.ActiveCfg = Release|Any CPU
		{E7BD5BE8-1973-44BA-8DA6-09D2F7453C4E}.Release|Any CPU.Build.0 = Release|Any CPU
		{C700104B-0FF6-4450-9C55-360FFEFCD946}.Debug|Any CPU.ActiveCfg = Debug|Any CPU
		{C700104B-0FF6-4450-9C55-360FFEFCD946}.Debug|Any CPU.Build.0 = Debug|Any CPU
		{C700104B-0FF6-4450-9C55-360FFEFCD946}.Release|Any CPU.ActiveCfg = Release|Any CPU
		{C700104B-0FF6-4450-9C55-360FFEFCD946}.Release|Any CPU.Build.0 = Release|Any CPU
		{0CE980B0-B49A-4486-8611-8A049A924E1E}.Debug|Any CPU.ActiveCfg = Debug|Any CPU
		{0CE980B0-B49A-4486-8611-8A049A924E1E}.Debug|Any CPU.Build.0 = Debug|Any CPU
		{0CE980B0-B49A-4486-8611-8A049A924E1E}.Release|Any CPU.ActiveCfg = Release|Any CPU
		{0CE980B0-B49A-4486-8611-8A049A924E1E}.Release|Any CPU.Build.0 = Release|Any CPU
		{7AC461D5-EAFF-41F3-8118-6D4E43F41332}.Debug|Any CPU.ActiveCfg = Debug|Any CPU
		{7AC461D5-EAFF-41F3-8118-6D4E43F41332}.Debug|Any CPU.Build.0 = Debug|Any CPU
		{7AC461D5-EAFF-41F3-8118-6D4E43F41332}.Release|Any CPU.ActiveCfg = Release|Any CPU
		{7AC461D5-EAFF-41F3-8118-6D4E43F41332}.Release|Any CPU.Build.0 = Release|Any CPU
	EndGlobalSection
	GlobalSection(NestedProjects) = preSolution
		{0887BC30-5C94-4A80-8E97-99C57580EF2D} = {0E58E5F7-B3C7-4F62-921E-7EC8C2F37FA0}
		{8CED5DC0-112E-4E0E-BBF8-BD403D6F1AE8} = {0E58E5F7-B3C7-4F62-921E-7EC8C2F37FA0}
		{AEB7717D-BCD1-4374-A2AB-0EDBBE8503E7} = {0E58E5F7-B3C7-4F62-921E-7EC8C2F37FA0}
		{6F4E71EB-8B33-4F2D-8930-9BB2CB22131C} = {8CED5DC0-112E-4E0E-BBF8-BD403D6F1AE8}
		{54E28C54-1368-402C-AA62-0979851B0D69} = {8CED5DC0-112E-4E0E-BBF8-BD403D6F1AE8}
		{74C1FFFF-E8C7-4272-8F25-6A858F73CC6D} = {0887BC30-5C94-4A80-8E97-99C57580EF2D}
		{8C2430E7-1FAA-4D08-9EBB-F3FC44E44350} = {AEB7717D-BCD1-4374-A2AB-0EDBBE8503E7}
		{E9D7C911-0A53-40F3-BCCB-89A80583B3C2} = {AEB7717D-BCD1-4374-A2AB-0EDBBE8503E7}
		{1E949481-E981-4B3C-A4DD-D1792E9291E7} = {AEB7717D-BCD1-4374-A2AB-0EDBBE8503E7}
		{CAEF5EBB-FE83-488F-AFEA-3C8F67BEC603} = {AEB7717D-BCD1-4374-A2AB-0EDBBE8503E7}
		{B199ACD8-59B0-4EE0-8490-0CBDB37BD6A9} = {AEB7717D-BCD1-4374-A2AB-0EDBBE8503E7}
		{C53FFEB1-E941-4118-8963-C6BBF4CDA922} = {B199ACD8-59B0-4EE0-8490-0CBDB37BD6A9}
		{B875A3AC-B965-4690-B178-4D01C4A8F5DB} = {B199ACD8-59B0-4EE0-8490-0CBDB37BD6A9}
		{5B9A011A-6DC6-412D-A1D0-158467FAA1CD} = {B199ACD8-59B0-4EE0-8490-0CBDB37BD6A9}
		{33EE94D0-D71C-407F-9217-C1784D9375A9} = {B199ACD8-59B0-4EE0-8490-0CBDB37BD6A9}
		{08BEAD7A-B3A1-4FA5-B024-630ABCCC0CA4} = {8C2430E7-1FAA-4D08-9EBB-F3FC44E44350}
		{EE3905C8-2147-4EEC-AAAC-3C3C43370EA7} = {8C2430E7-1FAA-4D08-9EBB-F3FC44E44350}
		{B9891611-CCC3-460C-A5EF-35595EB845C7} = {E9D7C911-0A53-40F3-BCCB-89A80583B3C2}
		{FE049288-3782-4C1E-8743-27FE5FE21227} = {E9D7C911-0A53-40F3-BCCB-89A80583B3C2}
		{36942E12-E598-4680-924B-186269220D9E} = {CAEF5EBB-FE83-488F-AFEA-3C8F67BEC603}
		{6E5F5BEC-F6E0-447C-94BE-4573CF80866B} = {CAEF5EBB-FE83-488F-AFEA-3C8F67BEC603}
		{AAC92DEC-45BE-4C64-94D3-ACB52089228D} = {1E949481-E981-4B3C-A4DD-D1792E9291E7}
		{B3FC3564-C8A9-4F45-ABF3-C61FDBBB5DEF} = {1E949481-E981-4B3C-A4DD-D1792E9291E7}
		{DC367F48-20B0-45F7-A2BA-216E5BB18E1E} = {AEB7717D-BCD1-4374-A2AB-0EDBBE8503E7}
		{F55EE456-A1EE-4B47-A522-DDC21F8A0BBF} = {DC367F48-20B0-45F7-A2BA-216E5BB18E1E}
		{FCA59673-D623-4595-AF23-D41EBA1086CE} = {DC367F48-20B0-45F7-A2BA-216E5BB18E1E}
		{26260CFD-6675-4471-AFFE-386EE489A625} = {DC367F48-20B0-45F7-A2BA-216E5BB18E1E}
		{AB9DE021-1D97-419C-B122-A7EB0B72C107} = {DC367F48-20B0-45F7-A2BA-216E5BB18E1E}
		{56E5AB87-BCF0-4FA3-A88D-FFCDC9F5658E} = {DC367F48-20B0-45F7-A2BA-216E5BB18E1E}
		{44B57951-1301-4AF6-B327-F129DF5AA1A9} = {DC367F48-20B0-45F7-A2BA-216E5BB18E1E}
		{09B9759A-7EA1-4B60-8BB2-1D220C0CC4A4} = {8CED5DC0-112E-4E0E-BBF8-BD403D6F1AE8}
		{E42ACBF1-E2C3-41E9-8474-893B7EA26CDE} = {AEB7717D-BCD1-4374-A2AB-0EDBBE8503E7}
		{E7BD5BE8-1973-44BA-8DA6-09D2F7453C4E} = {E42ACBF1-E2C3-41E9-8474-893B7EA26CDE}
		{40BC24BB-E91B-4D7F-823C-4105CC3051C3} = {0E58E5F7-B3C7-4F62-921E-7EC8C2F37FA0}
		{C700104B-0FF6-4450-9C55-360FFEFCD946} = {40BC24BB-E91B-4D7F-823C-4105CC3051C3}
		{0CE980B0-B49A-4486-8611-8A049A924E1E} = {40BC24BB-E91B-4D7F-823C-4105CC3051C3}
		{01712C85-0AA4-4A39-B593-7A718C185107} = {0E58E5F7-B3C7-4F62-921E-7EC8C2F37FA0}
		{7AC461D5-EAFF-41F3-8118-6D4E43F41332} = {01712C85-0AA4-4A39-B593-7A718C185107}
	EndGlobalSection
EndGlobal
